
Microsoft Visual Studio Solution File, Format Version 12.00
# Visual Studio 15
VisualStudioVersion = 15.0.27004.2006
MinimumVisualStudioVersion = 10.0.40219.1
Project("{888888A0-9F3D-457C-B088-3A5042F75D52}") = "RNA.Perceptron", "RNA.Perceptron\RNA.Perceptron.pyproj", "{6BD3EFEE-039E-425B-B3F1-3CFE7C812E1A}"
EndProject
Global
	GlobalSection(SolutionConfigurationPlatforms) = preSolution
		Debug|Any CPU = Debug|Any CPU
		Release|Any CPU = Release|Any CPU
	EndGlobalSection
	GlobalSection(ProjectConfigurationPlatforms) = postSolution
		{6BD3EFEE-039E-425B-B3F1-3CFE7C812E1A}.Debug|Any CPU.ActiveCfg = Debug|Any CPU
		{6BD3EFEE-039E-425B-B3F1-3CFE7C812E1A}.Release|Any CPU.ActiveCfg = Release|Any CPU
	EndGlobalSection
	GlobalSection(SolutionProperties) = preSolution
		HideSolutionNode = FALSE
	EndGlobalSection
	GlobalSection(ExtensibilityGlobals) = postSolution
		SolutionGuid = {DAA3B96D-5E9E-4F08-8A6A-388E96C1D656}
	EndGlobalSection
EndGlobal
